<?xml version="1.0" encoding="UTF-8" standalone="yes" ?>
<CodeBlocks_project_file>
	<FileVersion major="1" minor="6" />
	<Project>
		<Option title="scada" />
		<Option pch_mode="2" />
		<Option compiler="gcc" />
		<Build>
			<Target title="Debug">
				<Option output="bin/Debug/scada" prefix_auto="1" extension_auto="1" />
				<Option object_output="obj/Debug/" />
				<Option type="1" />
				<Option compiler="gcc" />
				<Compiler>
					<Add option="-g" />
				</Compiler>
			</Target>
			<Target title="Release">
				<Option output="bin/Release/scada" prefix_auto="1" extension_auto="1" />
				<Option object_output="obj/Release/" />
				<Option type="1" />
				<Option compiler="gcc" />
				<Compiler>
					<Add option="-O2" />
				</Compiler>
				<Linker>
					<Add option="-s" />
				</Linker>
			</Target>
		</Build>
		<Compiler>
			<Add option="-Wall" />
			<Add directory="../src" />
			<Add directory="../subsys" />
		</Compiler>
		<Linker>
			<Add library="pthread" />
			<Add library="dl" />
		</Linker>
		<Unit filename="../main.cpp" />
		<Unit filename="../src/autohd.h" />
		<Unit filename="../src/ctrlnode.cpp" />
		<Unit filename="../src/ctrlnode.h" />
		<Unit filename="../src/log.cpp" />
		<Unit filename="../src/log.h" />
		<Unit filename="../src/modschedul.cpp" />
		<Unit filename="../src/modschedul.h" />
		<Unit filename="../src/module.cpp" />
		<Unit filename="../src/module.h" />
		<Unit filename="../src/resalloc.cpp" />
		<Unit filename="../src/resalloc.h" />
		<Unit filename="../src/subsys.cpp" />
		<Unit filename="../src/subsys.h" />
		<Unit filename="../src/sys.cpp" />
		<Unit filename="../src/sys.h" />
		<Unit filename="../src/terror.cpp" />
		<Unit filename="../src/terror.h" />
		<Unit filename="../subsys/subarchive.h" />
		<Unit filename="../subsys/subdb.cpp" />
		<Unit filename="../subsys/subdb.h" />
		<Unit filename="../subsys/subprotocol.h" />
		<Unit filename="../subsys/subspecial.cpp" />
		<Unit filename="../subsys/subspecial.h" />
		<Unit filename="../subsys/subtransport.h" />
		<Unit filename="../subsys/subui.cpp" />
		<Unit filename="../subsys/subui.h" />
		<Extensions>
			<code_completion />
			<envvars />
			<debugger />
		</Extensions>
	</Project>
</CodeBlocks_project_file>
